# THIS IS AN AUTOGENERATED FILE. DO NOT EDIT THIS FILE DIRECTLY.
# yarn lockfile v1


"@types/node@^13.9.1":
  version "13.9.2"
  resolved "https://registry.yarnpkg.com/@types/node/-/node-13.9.2.tgz#ace1880c03594cc3e80206d96847157d8e7fa349"
  integrity sha512-bnoqK579sAYrQbp73wwglccjJ4sfRdKU7WNEZ5FW4K2U6Kc0/eZ5kvXG0JKsEKFB50zrFmfFt52/cvBbZa7eXg==

reflect-metadata@^0.1.13:
  version "0.1.13"
  resolved "https://registry.yarnpkg.com/reflect-metadata/-/reflect-metadata-0.1.13.tgz#67ae3ca57c972a2aa1642b10fe363fe32d49dc08"
  integrity sha512-Ts1Y/anZELhSsjMcU605fU9RE4Oi3p5ORujwbIKXfWa+0Zxs510Qrmrce5/Jowq3cHSZSJqBjypxmHarc+vEWg==
